{
  "name": "functional-memoize",
  "version": "0.0.1",
  "lockfileVersion": 1,
  "requires": true,
  "dependencies": {
    "rambda": {
      "version": "0.9.0",
      "resolved": "https://registry.npmjs.org/rambda/-/rambda-0.9.0.tgz",
      "integrity": "sha512-fIKJRhPpSWKLXggx49sVIgSEsioq3ykN3103I4WsYvvQjfykmH6+0HIK9xD9WVyvzEHGi2ZdX6EoO3kMNpkqLA=="
    }
  }
}
